
Microsoft Visual Studio Solution File, Format Version 12.00
# Visual Studio 2017
Project("{FAE04EC0-301F-11D3-BF4B-00C04F79EFBC}") = "Animation-master", "Animation-master.csproj", "{DAD596D9-2AE1-8647-8372-0268B4204A78}"
EndProject
Global
	GlobalSection(SolutionConfigurationPlatforms) = preSolution
		Debug|Any CPU = Debug|Any CPU
		Release|Any CPU = Release|Any CPU
	EndGlobalSection
	GlobalSection(ProjectConfigurationPlatforms) = postSolution
		{DAD596D9-2AE1-8647-8372-0268B4204A78}.Debug|Any CPU.ActiveCfg = Debug|Any CPU
		{DAD596D9-2AE1-8647-8372-0268B4204A78}.Debug|Any CPU.Build.0 = Debug|Any CPU
		{DAD596D9-2AE1-8647-8372-0268B4204A78}.Release|Any CPU.ActiveCfg = Release|Any CPU
		{DAD596D9-2AE1-8647-8372-0268B4204A78}.Release|Any CPU.Build.0 = Release|Any CPU
	EndGlobalSection
	GlobalSection(SolutionProperties) = preSolution
		HideSolutionNode = FALSE
	EndGlobalSection
EndGlobal
